
Microsoft Visual Studio Solution File, Format Version 12.00
# Visual Studio Version 17
VisualStudioVersion = 17.14.36212.18 d17.14
MinimumVisualStudioVersion = 10.0.40219.1
Project("{FAE04EC0-301F-11D3-BF4B-00C04F79EFBC}") = "AnketUygulamasi", "AnketUygulamasi\AnketUygulamasi.csproj", "{893F3328-9969-44CB-9BB8-2E1CD0B4FAD9}"
EndProject
Project("{FAE04EC0-301F-11D3-BF4B-00C04F79EFBC}") = "DataAccess", "DataAccess\DataAccess.csproj", "{8BE98CCC-FA1B-454D-8EF1-A063326BBF6B}"
EndProject
Project("{FAE04EC0-301F-11D3-BF4B-00C04F79EFBC}") = "Entity", "Entity\Entity.csproj", "{1ADE5BCD-B35B-4D8C-B8E4-E56D8801D590}"
EndProject
Project("{FAE04EC0-301F-11D3-BF4B-00C04F79EFBC}") = "Servis", "Servis\Servis.csproj", "{8E374705-A271-41FF-98DB-2455DB16E5D9}"
EndProject
Project("{FAE04EC0-301F-11D3-BF4B-00C04F79EFBC}") = "AnketTest", "AnketTest\AnketTest.csproj", "{9EA9247A-3405-470D-B305-CBBD1C18B72E}"
EndProject
Global
	GlobalSection(SolutionConfigurationPlatforms) = preSolution
		Debug|Any CPU = Debug|Any CPU
		Release|Any CPU = Release|Any CPU
	EndGlobalSection
	GlobalSection(ProjectConfigurationPlatforms) = postSolution
		{893F3328-9969-44CB-9BB8-2E1CD0B4FAD9}.Debug|Any CPU.ActiveCfg = Debug|Any CPU
		{893F3328-9969-44CB-9BB8-2E1CD0B4FAD9}.Debug|Any CPU.Build.0 = Debug|Any CPU
		{893F3328-9969-44CB-9BB8-2E1CD0B4FAD9}.Release|Any CPU.ActiveCfg = Release|Any CPU
		{893F3328-9969-44CB-9BB8-2E1CD0B4FAD9}.Release|Any CPU.Build.0 = Release|Any CPU
		{8BE98CCC-FA1B-454D-8EF1-A063326BBF6B}.Debug|Any CPU.ActiveCfg = Debug|Any CPU
		{8BE98CCC-FA1B-454D-8EF1-A063326BBF6B}.Debug|Any CPU.Build.0 = Debug|Any CPU
		{8BE98CCC-FA1B-454D-8EF1-A063326BBF6B}.Release|Any CPU.ActiveCfg = Release|Any CPU
		{8BE98CCC-FA1B-454D-8EF1-A063326BBF6B}.Release|Any CPU.Build.0 = Release|Any CPU
		{1ADE5BCD-B35B-4D8C-B8E4-E56D8801D590}.Debug|Any CPU.ActiveCfg = Debug|Any CPU
		{1ADE5BCD-B35B-4D8C-B8E4-E56D8801D590}.Debug|Any CPU.Build.0 = Debug|Any CPU
		{1ADE5BCD-B35B-4D8C-B8E4-E56D8801D590}.Release|Any CPU.ActiveCfg = Release|Any CPU
		{1ADE5BCD-B35B-4D8C-B8E4-E56D8801D590}.Release|Any CPU.Build.0 = Release|Any CPU
		{8E374705-A271-41FF-98DB-2455DB16E5D9}.Debug|Any CPU.ActiveCfg = Debug|Any CPU
		{8E374705-A271-41FF-98DB-2455DB16E5D9}.Debug|Any CPU.Build.0 = Debug|Any CPU
		{8E374705-A271-41FF-98DB-2455DB16E5D9}.Release|Any CPU.ActiveCfg = Release|Any CPU
		{8E374705-A271-41FF-98DB-2455DB16E5D9}.Release|Any CPU.Build.0 = Release|Any CPU
		{9EA9247A-3405-470D-B305-CBBD1C18B72E}.Debug|Any CPU.ActiveCfg = Debug|Any CPU
		{9EA9247A-3405-470D-B305-CBBD1C18B72E}.Debug|Any CPU.Build.0 = Debug|Any CPU
		{9EA9247A-3405-470D-B305-CBBD1C18B72E}.Release|Any CPU.ActiveCfg = Release|Any CPU
		{9EA9247A-3405-470D-B305-CBBD1C18B72E}.Release|Any CPU.Build.0 = Release|Any CPU
	EndGlobalSection
	GlobalSection(SolutionProperties) = preSolution
		HideSolutionNode = FALSE
	EndGlobalSection
	GlobalSection(ExtensibilityGlobals) = postSolution
		SolutionGuid = {C035CBE2-DA72-42FA-92F7-8EF913C7F194}
	EndGlobalSection
EndGlobal
